
Microsoft Visual Studio Solution File, Format Version 12.00
# Visual Studio Version 17
VisualStudioVersion = 17.2.32505.173
MinimumVisualStudioVersion = 10.0.40219.1
Project("{FAE04EC0-301F-11D3-BF4B-00C04F79EFBC}") = "ITMO.CSCourse2022.Lab01.Divider", "ITMO.CSCourse2022.Lab01.Divider\ITMO.CSCourse2022.Lab01.Divider.csproj", "{B89D30DF-796E-4511-AB17-CFD96A5D0CC9}"
EndProject
Project("{FAE04EC0-301F-11D3-BF4B-00C04F79EFBC}") = "ITMO.CSCourse2022.Lab01.Greetings", "ITMO.CSCourse2022.Lab01.Greetings\ITMO.CSCourse2022.Lab01.Greetings.csproj", "{E314B272-0630-452C-88F9-31D13141B243}"
EndProject
Project("{FAE04EC0-301F-11D3-BF4B-00C04F79EFBC}") = "ITMO.CSCourse2022.Lab02.BankAccount", "ITMO.CSCourse2022.Lab02.BankAccount\ITMO.CSCourse2022.Lab02.BankAccount.csproj", "{B1F2C0A0-198D-4809-9E68-D936E88E57B2}"
EndProject
Project("{FAE04EC0-301F-11D3-BF4B-00C04F79EFBC}") = "ITMO.CSCourse2022.Lab02.StructType", "ITMO.CSCourse2022.Lab02.StructType\ITMO.CSCourse2022.Lab02.StructType.csproj", "{525ACD00-3DB2-4965-ACFE-08B963ED51C2}"
EndProject
Project("{FAE04EC0-301F-11D3-BF4B-00C04F79EFBC}") = "ITMO.CSCourse2022.Lab03.WhatDay1", "ITMO.CSCourse2022.Lab03.WhatDay1\ITMO.CSCourse2022.Lab03.WhatDay1.csproj", "{45A871F8-58AD-41A5-8A13-8640DB9EBDE0}"
EndProject
Project("{FAE04EC0-301F-11D3-BF4B-00C04F79EFBC}") = "ITMO.CSCourse2022.Lab03.WhatDay2", "ITMO.CSCourse2022.Lab03.WhatDay2\ITMO.CSCourse2022.Lab03.WhatDay2.csproj", "{A1D2EF02-18DC-42E8-AB64-3D06C66A0B35}"
EndProject
Project("{FAE04EC0-301F-11D3-BF4B-00C04F79EFBC}") = "ITMO.CSCourse2022.Lab03.WhatDay3", "ITMO.CSCourse2022.Lab03.WhatDay3\ITMO.CSCourse2022.Lab03.WhatDay3.csproj", "{3AD26641-79B8-4E75-A325-D20A3E340B3D}"
EndProject
Project("{FAE04EC0-301F-11D3-BF4B-00C04F79EFBC}") = "ITMO.CSCourse2022.Lab04.Utils", "ITMO.CSCourse2022.Lab04.Utils\ITMO.CSCourse2022.Lab04.Utils.csproj", "{A175942C-BE00-4D14-90B8-E8B99F7FF6CD}"
EndProject
Project("{FAE04EC0-301F-11D3-BF4B-00C04F79EFBC}") = "ITMO.CSCourse2022.Lab04.Swap", "ITMO.CSCourse2022.Lab04.Swap\ITMO.CSCourse2022.Lab04.Swap.csproj", "{F3FA0364-8600-40E6-8829-940D166D31C0}"
EndProject
Project("{FAE04EC0-301F-11D3-BF4B-00C04F79EFBC}") = "ITMO.CSCourse2022.Lab05.FileDetails", "ITMO.CSCourse2022.Lab05.FileDetails\ITMO.CSCourse2022.Lab05.FileDetails.csproj", "{BEA61E62-CED0-4665-A5AC-86D66C121BFA}"
EndProject
Project("{FAE04EC0-301F-11D3-BF4B-00C04F79EFBC}") = "ITMO.CSCourse2022.Lab07.Bank", "ITMO.CSCourse2022.Lab07.Bank\ITMO.CSCourse2022.Lab07.Bank.csproj", "{BBA55FFC-06E2-4D5A-B34F-F0AE479674F8}"
EndProject
Project("{FAE04EC0-301F-11D3-BF4B-00C04F79EFBC}") = "ITMO.CSCourse2022.Lab07.Utils", "ITMO.CSCourse2022.Lab07.Utils\ITMO.CSCourse2022.Lab07.Utils.csproj", "{71675BA7-9B34-42C6-9DDE-8A307B2895E6}"
EndProject
Project("{FAE04EC0-301F-11D3-BF4B-00C04F79EFBC}") = "ITMO.CSCourse2022.Lab08.Constructors", "ITMO.CSCourse2022.Lab08.Constructors\ITMO.CSCourse2022.Lab08.Constructors.csproj", "{73EC312E-014E-4BDC-BCE5-7182E4C9CB1C}"
EndProject
Project("{FAE04EC0-301F-11D3-BF4B-00C04F79EFBC}") = "ITMO.CSCourse2022.Lab06.CreateAccount", "ITMO.CSCourse2022.Lab06.CreateAccount\ITMO.CSCourse2022.Lab06.CreateAccount.csproj", "{28F0E2E5-DE4E-473E-BB7C-4D94FAB31BE0}"
EndProject
Project("{FAE04EC0-301F-11D3-BF4B-00C04F79EFBC}") = "ITMO.CSCourse2022.Lab06.UniqueNumbers", "ITMO.CSCourse2022.Lab06.UniqueNumbers\ITMO.CSCourse2022.Lab06.UniqueNumbers.csproj", "{2ED84874-BF7C-4D0F-95B7-60CE96842634}"
EndProject
Project("{FAE04EC0-301F-11D3-BF4B-00C04F79EFBC}") = "ITMO.CSCourse2022.Lab08.BankTransaction", "ITMO.CSCourse2022.Lab08.BankTransaction\ITMO.CSCourse2022.Lab08.BankTransaction.csproj", "{247D8E21-AC9E-4720-A619-CF0F4CDD81FE}"
EndProject
Project("{FAE04EC0-301F-11D3-BF4B-00C04F79EFBC}") = "ITMO.CSCourse2022.Lab10.Bank", "ITMO.CSCourse2022.Lab10.Bank\ITMO.CSCourse2022.Lab10.Bank.csproj", "{C7933982-7A82-4CD1-BD1A-DA9B8EBEC1EB}"
EndProject
Global
	GlobalSection(SolutionConfigurationPlatforms) = preSolution
		Debug|Any CPU = Debug|Any CPU
		Release|Any CPU = Release|Any CPU
	EndGlobalSection
	GlobalSection(ProjectConfigurationPlatforms) = postSolution
		{B89D30DF-796E-4511-AB17-CFD96A5D0CC9}.Debug|Any CPU.ActiveCfg = Debug|Any CPU
		{B89D30DF-796E-4511-AB17-CFD96A5D0CC9}.Debug|Any CPU.Build.0 = Debug|Any CPU
		{B89D30DF-796E-4511-AB17-CFD96A5D0CC9}.Release|Any CPU.ActiveCfg = Release|Any CPU
		{B89D30DF-796E-4511-AB17-CFD96A5D0CC9}.Release|Any CPU.Build.0 = Release|Any CPU
		{E314B272-0630-452C-88F9-31D13141B243}.Debug|Any CPU.ActiveCfg = Debug|Any CPU
		{E314B272-0630-452C-88F9-31D13141B243}.Debug|Any CPU.Build.0 = Debug|Any CPU
		{E314B272-0630-452C-88F9-31D13141B243}.Release|Any CPU.ActiveCfg = Release|Any CPU
		{E314B272-0630-452C-88F9-31D13141B243}.Release|Any CPU.Build.0 = Release|Any CPU
		{B1F2C0A0-198D-4809-9E68-D936E88E57B2}.Debug|Any CPU.ActiveCfg = Debug|Any CPU
		{B1F2C0A0-198D-4809-9E68-D936E88E57B2}.Debug|Any CPU.Build.0 = Debug|Any CPU
		{B1F2C0A0-198D-4809-9E68-D936E88E57B2}.Release|Any CPU.ActiveCfg = Release|Any CPU
		{B1F2C0A0-198D-4809-9E68-D936E88E57B2}.Release|Any CPU.Build.0 = Release|Any CPU
		{525ACD00-3DB2-4965-ACFE-08B963ED51C2}.Debug|Any CPU.ActiveCfg = Debug|Any CPU
		{525ACD00-3DB2-4965-ACFE-08B963ED51C2}.Debug|Any CPU.Build.0 = Debug|Any CPU
		{525ACD00-3DB2-4965-ACFE-08B963ED51C2}.Release|Any CPU.ActiveCfg = Release|Any CPU
		{525ACD00-3DB2-4965-ACFE-08B963ED51C2}.Release|Any CPU.Build.0 = Release|Any CPU
		{45A871F8-58AD-41A5-8A13-8640DB9EBDE0}.Debug|Any CPU.ActiveCfg = Debug|Any CPU
		{45A871F8-58AD-41A5-8A13-8640DB9EBDE0}.Debug|Any CPU.Build.0 = Debug|Any CPU
		{45A871F8-58AD-41A5-8A13-8640DB9EBDE0}.Release|Any CPU.ActiveCfg = Release|Any CPU
		{45A871F8-58AD-41A5-8A13-8640DB9EBDE0}.Release|Any CPU.Build.0 = Release|Any CPU
		{A1D2EF02-18DC-42E8-AB64-3D06C66A0B35}.Debug|Any CPU.ActiveCfg = Debug|Any CPU
		{A1D2EF02-18DC-42E8-AB64-3D06C66A0B35}.Debug|Any CPU.Build.0 = Debug|Any CPU
		{A1D2EF02-18DC-42E8-AB64-3D06C66A0B35}.Release|Any CPU.ActiveCfg = Release|Any CPU
		{A1D2EF02-18DC-42E8-AB64-3D06C66A0B35}.Release|Any CPU.Build.0 = Release|Any CPU
		{3AD26641-79B8-4E75-A325-D20A3E340B3D}.Debug|Any CPU.ActiveCfg = Debug|Any CPU
		{3AD26641-79B8-4E75-A325-D20A3E340B3D}.Debug|Any CPU.Build.0 = Debug|Any CPU
		{3AD26641-79B8-4E75-A325-D20A3E340B3D}.Release|Any CPU.ActiveCfg = Release|Any CPU
		{3AD26641-79B8-4E75-A325-D20A3E340B3D}.Release|Any CPU.Build.0 = Release|Any CPU
		{A175942C-BE00-4D14-90B8-E8B99F7FF6CD}.Debug|Any CPU.ActiveCfg = Debug|Any CPU
		{A175942C-BE00-4D14-90B8-E8B99F7FF6CD}.Debug|Any CPU.Build.0 = Debug|Any CPU
		{A175942C-BE00-4D14-90B8-E8B99F7FF6CD}.Release|Any CPU.ActiveCfg = Release|Any CPU
		{A175942C-BE00-4D14-90B8-E8B99F7FF6CD}.Release|Any CPU.Build.0 = Release|Any CPU
		{F3FA0364-8600-40E6-8829-940D166D31C0}.Debug|Any CPU.ActiveCfg = Debug|Any CPU
		{F3FA0364-8600-40E6-8829-940D166D31C0}.Debug|Any CPU.Build.0 = Debug|Any CPU
		{F3FA0364-8600-40E6-8829-940D166D31C0}.Release|Any CPU.ActiveCfg = Release|Any CPU
		{F3FA0364-8600-40E6-8829-940D166D31C0}.Release|Any CPU.Build.0 = Release|Any CPU
		{BEA61E62-CED0-4665-A5AC-86D66C121BFA}.Debug|Any CPU.ActiveCfg = Debug|Any CPU
		{BEA61E62-CED0-4665-A5AC-86D66C121BFA}.Debug|Any CPU.Build.0 = Debug|Any CPU
		{BEA61E62-CED0-4665-A5AC-86D66C121BFA}.Release|Any CPU.ActiveCfg = Release|Any CPU
		{BEA61E62-CED0-4665-A5AC-86D66C121BFA}.Release|Any CPU.Build.0 = Release|Any CPU
		{BBA55FFC-06E2-4D5A-B34F-F0AE479674F8}.Debug|Any CPU.ActiveCfg = Debug|Any CPU
		{BBA55FFC-06E2-4D5A-B34F-F0AE479674F8}.Debug|Any CPU.Build.0 = Debug|Any CPU
		{BBA55FFC-06E2-4D5A-B34F-F0AE479674F8}.Release|Any CPU.ActiveCfg = Release|Any CPU
		{BBA55FFC-06E2-4D5A-B34F-F0AE479674F8}.Release|Any CPU.Build.0 = Release|Any CPU
		{71675BA7-9B34-42C6-9DDE-8A307B2895E6}.Debug|Any CPU.ActiveCfg = Debug|Any CPU
		{71675BA7-9B34-42C6-9DDE-8A307B2895E6}.Debug|Any CPU.Build.0 = Debug|Any CPU
		{71675BA7-9B34-42C6-9DDE-8A307B2895E6}.Release|Any CPU.ActiveCfg = Release|Any CPU
		{71675BA7-9B34-42C6-9DDE-8A307B2895E6}.Release|Any CPU.Build.0 = Release|Any CPU
		{73EC312E-014E-4BDC-BCE5-7182E4C9CB1C}.Debug|Any CPU.ActiveCfg = Debug|Any CPU
		{73EC312E-014E-4BDC-BCE5-7182E4C9CB1C}.Debug|Any CPU.Build.0 = Debug|Any CPU
		{73EC312E-014E-4BDC-BCE5-7182E4C9CB1C}.Release|Any CPU.ActiveCfg = Release|Any CPU
		{73EC312E-014E-4BDC-BCE5-7182E4C9CB1C}.Release|Any CPU.Build.0 = Release|Any CPU
		{28F0E2E5-DE4E-473E-BB7C-4D94FAB31BE0}.Debug|Any CPU.ActiveCfg = Debug|Any CPU
		{28F0E2E5-DE4E-473E-BB7C-4D94FAB31BE0}.Debug|Any CPU.Build.0 = Debug|Any CPU
		{28F0E2E5-DE4E-473E-BB7C-4D94FAB31BE0}.Release|Any CPU.ActiveCfg = Release|Any CPU
		{28F0E2E5-DE4E-473E-BB7C-4D94FAB31BE0}.Release|Any CPU.Build.0 = Release|Any CPU
		{2ED84874-BF7C-4D0F-95B7-60CE96842634}.Debug|Any CPU.ActiveCfg = Debug|Any CPU
		{2ED84874-BF7C-4D0F-95B7-60CE96842634}.Debug|Any CPU.Build.0 = Debug|Any CPU
		{2ED84874-BF7C-4D0F-95B7-60CE96842634}.Release|Any CPU.ActiveCfg = Release|Any CPU
		{2ED84874-BF7C-4D0F-95B7-60CE96842634}.Release|Any CPU.Build.0 = Release|Any CPU
		{247D8E21-AC9E-4720-A619-CF0F4CDD81FE}.Debug|Any CPU.ActiveCfg = Debug|Any CPU
		{247D8E21-AC9E-4720-A619-CF0F4CDD81FE}.Debug|Any CPU.Build.0 = Debug|Any CPU
		{247D8E21-AC9E-4720-A619-CF0F4CDD81FE}.Release|Any CPU.ActiveCfg = Release|Any CPU
		{247D8E21-AC9E-4720-A619-CF0F4CDD81FE}.Release|Any CPU.Build.0 = Release|Any CPU
		{C7933982-7A82-4CD1-BD1A-DA9B8EBEC1EB}.Debug|Any CPU.ActiveCfg = Debug|Any CPU
		{C7933982-7A82-4CD1-BD1A-DA9B8EBEC1EB}.Debug|Any CPU.Build.0 = Debug|Any CPU
		{C7933982-7A82-4CD1-BD1A-DA9B8EBEC1EB}.Release|Any CPU.ActiveCfg = Release|Any CPU
		{C7933982-7A82-4CD1-BD1A-DA9B8EBEC1EB}.Release|Any CPU.Build.0 = Release|Any CPU
	EndGlobalSection
	GlobalSection(SolutionProperties) = preSolution
		HideSolutionNode = FALSE
	EndGlobalSection
	GlobalSection(ExtensibilityGlobals) = postSolution
		SolutionGuid = {F6930F5F-259A-4564-BCD9-890CA9965A6A}
	EndGlobalSection
EndGlobal
